
Microsoft Visual Studio Solution File, Format Version 12.00
# Visual Studio Version 17
VisualStudioVersion = 17.0.31903.59
MinimumVisualStudioVersion = 10.0.40219.1
Project("{FAE04EC0-301F-11D3-BF4B-00C04F79EFBC}") = "EventBooking.API", "EventBooking.API\EventBooking.API.csproj", "{230BD7D8-157E-4625-850E-12F97E454A5B}"
EndProject
Project("{FAE04EC0-301F-11D3-BF4B-00C04F79EFBC}") = "EventBooking.Test", "EventBooking.Test\EventBooking.Test.csproj", "{EEB6229A-6824-4072-B840-589E635B7D47}"
EndProject
Global
	GlobalSection(SolutionConfigurationPlatforms) = preSolution
		Debug|Any CPU = Debug|Any CPU
		Release|Any CPU = Release|Any CPU
	EndGlobalSection
	GlobalSection(SolutionProperties) = preSolution
		HideSolutionNode = FALSE
	EndGlobalSection
	GlobalSection(ProjectConfigurationPlatforms) = postSolution
		{230BD7D8-157E-4625-850E-12F97E454A5B}.Debug|Any CPU.ActiveCfg = Debug|Any CPU
		{230BD7D8-157E-4625-850E-12F97E454A5B}.Debug|Any CPU.Build.0 = Debug|Any CPU
		{230BD7D8-157E-4625-850E-12F97E454A5B}.Release|Any CPU.ActiveCfg = Release|Any CPU
		{230BD7D8-157E-4625-850E-12F97E454A5B}.Release|Any CPU.Build.0 = Release|Any CPU
		{EEB6229A-6824-4072-B840-589E635B7D47}.Debug|Any CPU.ActiveCfg = Debug|Any CPU
		{EEB6229A-6824-4072-B840-589E635B7D47}.Debug|Any CPU.Build.0 = Debug|Any CPU
		{EEB6229A-6824-4072-B840-589E635B7D47}.Release|Any CPU.ActiveCfg = Release|Any CPU
		{EEB6229A-6824-4072-B840-589E635B7D47}.Release|Any CPU.Build.0 = Release|Any CPU
	EndGlobalSection
EndGlobal
